<?xml version="1.0" encoding="utf-8"?>
<Project ToolsVersion="4.0" xmlns="http://schemas.microsoft.com/developer/msbuild/2003">
  <ItemGroup>
    <Filter Include="Resource Files">
      <UniqueIdentifier>{67DA6AB6-F800-4c08-8B7A-83BB121AAD01}</UniqueIdentifier>
      <Extensions>rc;ico;cur;bmp;dlg;rc2;rct;bin;rgs;gif;jpg;jpeg;jpe;resx;tiff;tif;png;wav;mfcribbon-ms</Extensions>
    </Filter>
    <Filter Include="Main">
      <UniqueIdentifier>{4FC737F1-C7A5-4376-A066-2A32D752A2FF}</UniqueIdentifier>
      <Extensions>cpp;c;cc;cxx;def;odl;idl;hpj;bat;asm;asmx</Extensions>
    </Filter>
    <Filter Include="Graphics">
      <UniqueIdentifier>{2bedcd7d-6358-48ce-85f1-f34c47ebcca3}</UniqueIdentifier>
    </Filter>
    <Filter Include="vulkan">
      <UniqueIdentifier>{93995380-89BD-4b04-88EB-625FBE52EBFB}</UniqueIdentifier>
      <Extensions>h;hh;hpp;hxx;hm;inl;inc;ipp;xsd</Extensions>
    </Filter>
    <Filter Include="Window">
      <UniqueIdentifier>{67826843-c8c1-422d-a1ab-39f481f1f80b}</UniqueIdentifier>
    </Filter>
  </ItemGroup>
  <ItemGroup>
    <ClCompile Include="src\Main.cpp">
      <Filter>Main</Filter>
    </ClCompile>
    <ClCompile Include="src\Graphics\LamiaGfxUtil.cpp">
      <Filter>Graphics</Filter>
    </ClCompile>
    <ClCompile Include="src\Graphics\Camera.cpp">
      <Filter>Graphics</Filter>
    </ClCompile>
    <ClCompile Include="src\Graphics\Model.cpp">
      <Filter>Graphics</Filter>
    </ClCompile>
    <ClCompile Include="src\Window\LamiaWindow.cpp">
      <Filter>Window</Filter>
    </ClCompile>
    <ClCompile Include="src\Graphics\Shader.cpp">
      <Filter>Graphics</Filter>
    </ClCompile>
  </ItemGroup>
  <ItemGroup>
    <ClInclude Include="include\vulkan\vk_icd.h">
      <Filter>vulkan</Filter>
    </ClInclude>
    <ClInclude Include="include\vulkan\vk_layer.h">
      <Filter>vulkan</Filter>
    </ClInclude>
    <ClInclude Include="include\vulkan\vk_layer_dispatch_table.h">
      <Filter>vulkan</Filter>
    </ClInclude>
    <ClInclude Include="include\vulkan\vk_platform.h">
      <Filter>vulkan</Filter>
    </ClInclude>
    <ClInclude Include="include\vulkan\vk_sdk_platform.h">
      <Filter>vulkan</Filter>
    </ClInclude>
    <ClInclude Include="include\vulkan\vulkan.h">
      <Filter>vulkan</Filter>
    </ClInclude>
    <ClInclude Include="include\vulkan\vulkan.hpp">
      <Filter>vulkan</Filter>
    </ClInclude>
    <ClInclude Include="src\Graphics\LamiaGfxUtil.h">
      <Filter>Graphics</Filter>
    </ClInclude>
    <ClInclude Include="src\Graphics\Camera.h">
      <Filter>Graphics</Filter>
    </ClInclude>
    <ClInclude Include="src\Graphics\Model.h">
      <Filter>Graphics</Filter>
    </ClInclude>
    <ClInclude Include="src\Window\LamiaWindow.h">
      <Filter>Window</Filter>
    </ClInclude>
    <ClInclude Include="src\Graphics\Shader.h">
      <Filter>Graphics</Filter>
    </ClInclude>
  </ItemGroup>
</Project>